
Microsoft Visual Studio Solution File, Format Version 12.00
# Visual Studio Version 17
VisualStudioVersion = 17.5.002.0
MinimumVisualStudioVersion = 10.0.40219.1
Project("{9A19103F-16F7-4668-BE54-9A1E7A4F7556}") = "Projeto-Calculadora", "Projeto-Calculadora.csproj", "{353EE958-8811-40ED-88A2-DC6293831646}"
EndProject
Global
	GlobalSection(SolutionConfigurationPlatforms) = preSolution
		Debug|Any CPU = Debug|Any CPU
		Release|Any CPU = Release|Any CPU
	EndGlobalSection
	GlobalSection(ProjectConfigurationPlatforms) = postSolution
		{353EE958-8811-40ED-88A2-DC6293831646}.Debug|Any CPU.ActiveCfg = Debug|Any CPU
		{353EE958-8811-40ED-88A2-DC6293831646}.Debug|Any CPU.Build.0 = Debug|Any CPU
		{353EE958-8811-40ED-88A2-DC6293831646}.Release|Any CPU.ActiveCfg = Release|Any CPU
		{353EE958-8811-40ED-88A2-DC6293831646}.Release|Any CPU.Build.0 = Release|Any CPU
	EndGlobalSection
	GlobalSection(SolutionProperties) = preSolution
		HideSolutionNode = FALSE
	EndGlobalSection
	GlobalSection(ExtensibilityGlobals) = postSolution
		SolutionGuid = {19522893-B3E7-495C-9DC0-485586843294}
	EndGlobalSection
EndGlobal
